
Microsoft Visual Studio Solution File, Format Version 12.00
# Visual Studio Version 16
VisualStudioVersion = 16.0.30523.141
MinimumVisualStudioVersion = 10.0.40219.1
Project("{FAE04EC0-301F-11D3-BF4B-00C04F79EFBC}") = "Text-Editor-Backend", "Text-Editor-Backend\Text-Editor-Backend.csproj", "{6DE9A5C5-BE11-41E2-90C8-E8B1AD527967}"
EndProject
Global
	GlobalSection(SolutionConfigurationPlatforms) = preSolution
		Debug|Any CPU = Debug|Any CPU
		Release|Any CPU = Release|Any CPU
	EndGlobalSection
	GlobalSection(ProjectConfigurationPlatforms) = postSolution
		{6DE9A5C5-BE11-41E2-90C8-E8B1AD527967}.Debug|Any CPU.ActiveCfg = Debug|Any CPU
		{6DE9A5C5-BE11-41E2-90C8-E8B1AD527967}.Debug|Any CPU.Build.0 = Debug|Any CPU
		{6DE9A5C5-BE11-41E2-90C8-E8B1AD527967}.Release|Any CPU.ActiveCfg = Release|Any CPU
		{6DE9A5C5-BE11-41E2-90C8-E8B1AD527967}.Release|Any CPU.Build.0 = Release|Any CPU
	EndGlobalSection
	GlobalSection(SolutionProperties) = preSolution
		HideSolutionNode = FALSE
	EndGlobalSection
	GlobalSection(ExtensibilityGlobals) = postSolution
		SolutionGuid = {FDA01FC0-D089-47B3-A339-AC335D64A37F}
	EndGlobalSection
EndGlobal
